// !$*UTF8*$!
{
	archiveVersion = 1;
	classes = {
	};
	objectVersion = 46;
	objects = {

/* Begin PBXBuildFile section */
		41E53EC71E43BB7700BCE1C0 /* AppDelegate.swift in Sources */ = {isa = PBXBuildFile; fileRef = 41E53EC61E43BB7700BCE1C0 /* AppDelegate.swift */; };
		41E53EC91E43BB7700BCE1C0 /* ViewController.swift in Sources */ = {isa = PBXBuildFile; fileRef = 41E53EC81E43BB7700BCE1C0 /* ViewController.swift */; };
		41E53ECC1E43BB7700BCE1C0 /* Main.storyboard in Resources */ = {isa = PBXBuildFile; fileRef = 41E53ECA1E43BB7700BCE1C0 /* Main.storyboard */; };
		41E53ECE1E43BB7700BCE1C0 /* Assets.xcassets in Resources */ = {isa = PBXBuildFile; fileRef = 41E53ECD1E43BB7700BCE1C0 /* Assets.xcassets */; };
		41E53ED11E43BB7700BCE1C0 /* LaunchScreen.storyboard in Resources */ = {isa = PBXBuildFile; fileRef = 41E53ECF1E43BB7700BCE1C0 /* LaunchScreen.storyboard */; };
/* End PBXBuildFile section */

/* Begin PBXFileReference section */
		41E53EC31E43BB7700BCE1C0 /* weatherapi.app */ = {isa = PBXFileReference; explicitFileType = wrapper.application; includeInIndex = 0; path = weatherapi.app; sourceTree = BUILT_PRODUCTS_DIR; };
		41E53EC61E43BB7700BCE1C0 /* AppDelegate.swift */ = {isa = PBXFileReference; lastKnownFileType = sourcecode.swift; path = AppDelegate.swift; sourceTree = "<group>"; };
		41E53EC81E43BB7700BCE1C0 /* ViewController.swift */ = {isa = PBXFileReference; lastKnownFileType = sourcecode.swift; path = ViewController.swift; sourceTree = "<group>"; };
		41E53ECB1E43BB7700BCE1C0 /* Base */ = {isa = PBXFileReference; lastKnownFileType = file.storyboard; name = Base; path = Base.lproj/Main.storyboard; sourceTree = "<group>"; };
		41E53ECD1E43BB7700BCE1C0 /* Assets.xcassets */ = {isa = PBXFileReference; lastKnownFileType = folder.assetcatalog; path = Assets.xcassets; sourceTree = "<group>"; };
		41E53ED01E43BB7700BCE1C0 /* Base */ = {isa = PBXFileReference; lastKnownFileType = file.storyboard; name = Base; path = Base.lproj/LaunchScreen.storyboard; sourceTree = "<group>"; };
		41E53ED21E43BB7700BCE1C0 /* Info.plist */ = {isa = PBXFileReference; lastKnownFileType = text.plist.xml; path = Info.plist; sourceTree = "<group>"; };
/* End PBXFileReference section */

/* Begin PBXFrameworksBuildPhase section */
		41E53EC01E43BB7700BCE1C0 /* Frameworks */ = {
			isa = PBXFrameworksBuildPhase;
			buildActionMask = 2147483647;
			files = (
			);
			runOnlyForDeploymentPostprocessing = 0;
		};
/* End PBXFrameworksBuildPhase section */

/* Begin PBXGroup section */
		41E53EBA1E43BB7700BCE1C0 = {
			isa = PBXGroup;
			children = (
				41E53EC51E43BB7700BCE1C0 /* weatherapi */,
				41E53EC41E43BB7700BCE1C0 /* Products */,
			);
			sourceTree = "<group>";
		};
		41E53EC41E43BB7700BCE1C0 /* Products */ = {
			isa = PBXGroup;
			children = (
				41E53EC31E43BB7700BCE1C0 /* weatherapi.app */,
			);
			name = Products;
			sourceTree = "<group>";
		};
		41E53EC51E43BB7700BCE1C0 /* weatherapi */ = {
			isa = PBXGroup;
			children = (
				41E53EC61E43BB7700BCE1C0 /* AppDelegate.swift */,
				41E53EC81E43BB7700BCE1C0 /* ViewController.swift */,
				41E53ECA1E43BB7700BCE1C0 /* Main.storyboard */,
				41E53ECD1E43BB7700BCE1C0 /* Assets.xcassets */,
				41E53ECF1E43BB7700BCE1C0 /* LaunchScreen.storyboard */,
				41E53ED21E43BB7700BCE1C0 /* Info.plist */,
			);
			path = weatherapi;
			sourceTree = "<group>";
		};
/* End PBXGroup section */

/* Begin PBXNativeTarget section */
		41E53EC21E43BB7700BCE1C0 /* weatherapi */ = {
			isa = PBXNativeTarget;
			buildConfigurationList = 41E53ED51E43BB7700BCE1C0 /* Build configuration list for PBXNativeTarget "weatherapi" */;
			buildPhases = (
				41E53EBF1E43BB7700BCE1C0 /* Sources */,
				41E53EC01E43BB7700BCE1C0 /* Frameworks */,
				41E53EC11E43BB7700BCE1C0 /* Resources */,
			);
			buildRules = (
			);
			dependencies = (
			);
			name = weatherapi;
			productName = weatherapi;
			productReference = 41E53EC31E43BB7700BCE1C0 /* weatherapi.app */;
			productType = "com.apple.product-type.application";
		};
/* End PBXNativeTarget section */

/* Begin PBXProject section */
		41E53EBB1E43BB7700BCE1C0 /* Project object */ = {
			isa = PBXProject;
			attributes = {
				LastSwiftUpdateCheck = 0810;
				LastUpgradeCheck = 0810;
				ORGANIZATIONNAME = abdulajet;
				TargetAttributes = {
					41E53EC21E43BB7700BCE1C0 = {
						CreatedOnToolsVersion = 8.1;
						DevelopmentTeam = BQ9D43VRKA;
						ProvisioningStyle = Automatic;
					};
				};
			};
			buildConfigurationList = 41E53EBE1E43BB7700BCE1C0 /* Build configuration list for PBXProject "weatherapi" */;
			compatibilityVersion = "Xcode 3.2";
			developmentRegion = English;
			hasScannedForEncodings = 0;
			knownRegions = (
				en,
				Base,
			);
			mainGroup = 41E53EBA1E43BB7700BCE1C0;
			productRefGroup = 41E53EC41E43BB7700BCE1C0 /* Products */;
			projectDirPath = "";
			projectRoot = "";
			targets = (
				41E53EC21E43BB7700BCE1C0 /* weatherapi */,
			);
		};
/* End PBXProject section */

/* Begin PBXResourcesBuildPhase section */
		41E53EC11E43BB7700BCE1C0 /* Resources */ = {
			isa = PBXResourcesBuildPhase;
			buildActionMask = 2147483647;
			files = (
				41E53ED11E43BB7700BCE1C0 /* LaunchScreen.storyboard in Resources */,
				41E53ECE1E43BB7700BCE1C0 /* Assets.xcassets in Resources */,
				41E53ECC1E43BB7700BCE1C0 /* Main.storyboard in Resources */,
			);
			runOnlyForDeploymentPostprocessing = 0;
		};
/* End PBXResourcesBuildPhase section */

/* Begin PBXSourcesBuildPhase section */
		41E53EBF1E43BB7700BCE1C0 /* Sources */ = {
			isa = PBXSourcesBuildPhase;
			buildActionMask = 2147483647;
			files = (
				41E53EC91E43BB7700BCE1C0 /* ViewController.swift in Sources */,
				41E53EC71E43BB7700BCE1C0 /* AppDelegate.swift in Sources */,
			);
			runOnlyForDeploymentPostprocessing = 0;
		};
/* End PBXSourcesBuildPhase section */

/* Begin PBXVariantGroup section */
		41E53ECA1E43BB7700BCE1C0 /* Main.storyboard */ = {
			isa = PBXVariantGroup;
			children = (
				41E53ECB1E43BB7700BCE1C0 /* Base */,
			);
			name = Main.storyboard;
			sourceTree = "<group>";
		};
		41E53ECF1E43BB7700BCE1C0 /* LaunchScreen.storyboard */ = {
			isa = PBXVariantGroup;
			children = (
				41E53ED01E43BB7700BCE1C0 /* Base */,
			);
			name = LaunchScreen.storyboard;
			sourceTree = "<group>";
		};
/* End PBXVariantGroup section */

/* Begin XCBuildConfiguration section */
		41E53ED31E43BB7700BCE1C0 /* Debug */ = {
			isa = XCBuildConfiguration;
			buildSettings = {
				ALWAYS_SEARCH_USER_PATHS = NO;
				CLANG_ANALYZER_NONNULL = YES;
				CLANG_CXX_LANGUAGE_STANDARD = "gnu++0x";
				CLANG_CXX_LIBRARY = "libc++";
				CLANG_ENABLE_MODULES = YES;
				CLANG_ENABLE_OBJC_ARC = YES;
				CLANG_WARN_BOOL_CONVERSION = YES;
				CLANG_WARN_CONSTANT_CONVERSION = YES;
				CLANG_WARN_DIRECT_OBJC_ISA_USAGE = YES_ERROR;
				CLANG_WARN_DOCUMENTATION_COMMENTS = YES;
				CLANG_WARN_EMPTY_BODY = YES;
				CLANG_WARN_ENUM_CONVERSION = YES;
				CLANG_WARN_INFINITE_RECURSION = YES;
				CLANG_WARN_INT_CONVERSION = YES;
				CLANG_WARN_OBJC_ROOT_CLASS = YES_ERROR;
				CLANG_WARN_SUSPICIOUS_MOVES = YES;
				CLANG_WARN_UNREACHABLE_CODE = YES;
				CLANG_WARN__DUPLICATE_METHOD_MATCH = YES;
				"CODE_SIGN_IDENTITY[sdk=iphoneos*]" = "iPhone Developer";
				COPY_PHASE_STRIP = NO;
				DEBUG_INFORMATION_FORMAT = dwarf;
				ENABLE_STRICT_OBJC_MSGSEND = YES;
				ENABLE_TESTABILITY = YES;
				GCC_C_LANGUAGE_STANDARD = gnu99;
				GCC_DYNAMIC_NO_PIC = NO;
				GCC_NO_COMMON_BLOCKS = YES;
				GCC_OPTIMIZATION_LEVEL = 0;
				GCC_PREPROCESSOR_DEFINITIONS = (
					"DEBUG=1",
					"$(inherited)",
				);
				GCC_WARN_64_TO_32_BIT_CONVERSION = YES;
				GCC_WARN_ABOUT_RETURN_TYPE = YES_ERROR;
				GCC_WARN_UNDECLARED_SELECTOR = YES;
				GCC_WARN_UNINITIALIZED_AUTOS = YES_AGGRESSIVE;
				GCC_WARN_UNUSED_FUNCTION = YES;
				GCC_WARN_UNUSED_VARIABLE = YES;
				IPHONEOS_DEPLOYMENT_TARGET = 10.1;
				MTL_ENABLE_DEBUG_INFO = YES;
				ONLY_ACTIVE_ARCH = YES;
				SDKROOT = iphoneos;
				SWIFT_ACTIVE_COMPILATION_CONDITIONS = DEBUG;
				SWIFT_OPTIMIZATION_LEVEL = "-Onone";
			};
			name = Debug;
		};
		41E53ED41E43BB7700BCE1C0 /* Release */ = {
			isa = XCBuildConfiguration;
			buildSettings = {
				ALWAYS_SEARCH_USER_PATHS = NO;
				CLANG_ANALYZER_NONNULL = YES;
				CLANG_CXX_LANGUAGE_STANDARD = "gnu++0x";
				CLANG_CXX_LIBRARY = "libc++";
				CLANG_ENABLE_MODULES = YES;
				CLANG_ENABLE_OBJC_ARC = YES;
				CLANG_WARN_BOOL_CONVERSION = YES;
				CLANG_WARN_CONSTANT_CONVERSION = YES;
				CLANG_WARN_DIRECT_OBJC_ISA_USAGE = YES_ERROR;
				CLANG_WARN_DOCUMENTATION_COMMENTS = YES;
				CLANG_WARN_EMPTY_BODY = YES;
				CLANG_WARN_ENUM_CONVERSION = YES;
				CLANG_WARN_INFINITE_RECURSION = YES;
				CLANG_WARN_INT_CONVERSION = YES;
				CLANG_WARN_OBJC_ROOT_CLASS = YES_ERROR;
				CLANG_WARN_SUSPICIOUS_MOVES = YES;
				CLANG_WARN_UNREACHABLE_CODE = YES;
				CLANG_WARN__DUPLICATE_METHOD_MATCH = YES;
				"CODE_SIGN_IDENTITY[sdk=iphoneos*]" = "iPhone Developer";
				COPY_PHASE_STRIP = NO;
				DEBUG_INFORMATION_FORMAT = "dwarf-with-dsym";
				ENABLE_NS_ASSERTIONS = NO;
				ENABLE_STRICT_OBJC_MSGSEND = YES;
				GCC_C_LANGUAGE_STANDARD = gnu99;
				GCC_NO_COMMON_BLOCKS = YES;
				GCC_WARN_64_TO_32_BIT_CONVERSION = YES;
				GCC_WARN_ABOUT_RETURN_TYPE = YES_ERROR;
				GCC_WARN_UNDECLARED_SELECTOR = YES;
				GCC_WARN_UNINITIALIZED_AUTOS = YES_AGGRESSIVE;
				GCC_WARN_UNUSED_FUNCTION = YES;
				GCC_WARN_UNUSED_VARIABLE = YES;
				IPHONEOS_DEPLOYMENT_TARGET = 10.1;
				MTL_ENABLE_DEBUG_INFO = NO;
				SDKROOT = iphoneos;
				SWIFT_OPTIMIZATION_LEVEL = "-Owholemodule";
				VALIDATE_PRODUCT = YES;
			};
			name = Release;
		};
		41E53ED61E43BB7700BCE1C0 /* Debug */ = {
			isa = XCBuildConfiguration;
			buildSettings = {
				ASSETCATALOG_COMPILER_APPICON_NAME = AppIcon;
				DEVELOPMENT_TEAM = BQ9D43VRKA;
				INFOPLIST_FILE = weatherapi/Info.plist;
				LD_RUNPATH_SEARCH_PATHS = "$(inherited) @executable_path/Frameworks";
				PRODUCT_BUNDLE_IDENTIFIER = me.abdulajet.weatherapi;
				PRODUCT_NAME = "$(TARGET_NAME)";
				SWIFT_VERSION = 3.0;
			};
			name = Debug;
		};
		41E53ED71E43BB7700BCE1C0 /* Release */ = {
			isa = XCBuildConfiguration;
			buildSettings = {
				ASSETCATALOG_COMPILER_APPICON_NAME = AppIcon;
				DEVELOPMENT_TEAM = BQ9D43VRKA;
				INFOPLIST_FILE = weatherapi/Info.plist;
				LD_RUNPATH_SEARCH_PATHS = "$(inherited) @executable_path/Frameworks";
				PRODUCT_BUNDLE_IDENTIFIER = me.abdulajet.weatherapi;
				PRODUCT_NAME = "$(TARGET_NAME)";
				SWIFT_VERSION = 3.0;
			};
			name = Release;
		};
/* End XCBuildConfiguration section */

/* Begin XCConfigurationList section */
		41E53EBE1E43BB7700BCE1C0 /* Build configuration list for PBXProject "weatherapi" */ = {
			isa = XCConfigurationList;
			buildConfigurations = (
				41E53ED31E43BB7700BCE1C0 /* Debug */,
				41E53ED41E43BB7700BCE1C0 /* Release */,
			);
			defaultConfigurationIsVisible = 0;
			defaultConfigurationName = Release;
		};
		41E53ED51E43BB7700BCE1C0 /* Build configuration list for PBXNativeTarget "weatherapi" */ = {
			isa = XCConfigurationList;
			buildConfigurations = (
				41E53ED61E43BB7700BCE1C0 /* Debug */,
				41E53ED71E43BB7700BCE1C0 /* Release */,
			);
			defaultConfigurationIsVisible = 0;
		};
/* End XCConfigurationList section */
	};
	rootObject = 41E53EBB1E43BB7700BCE1C0 /* Project object */;
}
